// !$*UTF8*$!
{
	archiveVersion = 1;
	classes = {
	};
	objectVersion = 50;
	objects = {

/* Begin PBXBuildFile section */
		8022EEA226452CC500306F0C /* LandmarksApp.swift in Sources */ = {isa = PBXBuildFile; fileRef = 8022EEA126452CC500306F0C /* LandmarksApp.swift */; };
		8022EEA426452CC500306F0C /* ContentView.swift in Sources */ = {isa = PBXBuildFile; fileRef = 8022EEA326452CC500306F0C /* ContentView.swift */; };
		8022EEA626452CC600306F0C /* Assets.xcassets in Resources */ = {isa = PBXBuildFile; fileRef = 8022EEA526452CC600306F0C /* Assets.xcassets */; };
		8022EEA926452CC600306F0C /* Preview Assets.xcassets in Resources */ = {isa = PBXBuildFile; fileRef = 8022EEA826452CC600306F0C /* Preview Assets.xcassets */; };
		8022EEB126452EAC00306F0C /* CircleImage.swift in Sources */ = {isa = PBXBuildFile; fileRef = 8022EEB026452EAC00306F0C /* CircleImage.swift */; };
		8022EEB326452F5C00306F0C /* MapView.swift in Sources */ = {isa = PBXBuildFile; fileRef = 8022EEB226452F5C00306F0C /* MapView.swift */; };
		8022EEB5264531C200306F0C /* landmarkData.json in Resources */ = {isa = PBXBuildFile; fileRef = 8022EEB4264531C200306F0C /* landmarkData.json */; };
		8022EEB8264531F600306F0C /* Landmark.swift in Sources */ = {isa = PBXBuildFile; fileRef = 8022EEB7264531F600306F0C /* Landmark.swift */; };
		8022EEBA2645336B00306F0C /* ModelData.swift in Sources */ = {isa = PBXBuildFile; fileRef = 8022EEB92645336B00306F0C /* ModelData.swift */; };
		8022EEC12645356400306F0C /* LandmarkRow.swift in Sources */ = {isa = PBXBuildFile; fileRef = 8022EEC02645356400306F0C /* LandmarkRow.swift */; };
		8022EEC32645369100306F0C /* LandmarkList.swift in Sources */ = {isa = PBXBuildFile; fileRef = 8022EEC22645369100306F0C /* LandmarkList.swift */; };
		8022EEC52645373500306F0C /* LandmarkDetail.swift in Sources */ = {isa = PBXBuildFile; fileRef = 8022EEC42645373500306F0C /* LandmarkDetail.swift */; };
		806201F3264A3C1C0048A136 /* FavoriteButton.swift in Sources */ = {isa = PBXBuildFile; fileRef = 806201F2264A3C1C0048A136 /* FavoriteButton.swift */; };
		806201F7264A3EE70048A136 /* HexagonParameters.swift in Sources */ = {isa = PBXBuildFile; fileRef = 806201F6264A3EE70048A136 /* HexagonParameters.swift */; };
		806201F9264A3F490048A136 /* BadgeBackground.swift in Sources */ = {isa = PBXBuildFile; fileRef = 806201F8264A3F490048A136 /* BadgeBackground.swift */; };
		806201FB264A40000048A136 /* BadgeSymbol.swift in Sources */ = {isa = PBXBuildFile; fileRef = 806201FA264A40000048A136 /* BadgeSymbol.swift */; };
		806201FD264A40380048A136 /* RotatedBadgeSymbol.swift in Sources */ = {isa = PBXBuildFile; fileRef = 806201FC264A40380048A136 /* RotatedBadgeSymbol.swift */; };
		806201FF264A40630048A136 /* Badge.swift in Sources */ = {isa = PBXBuildFile; fileRef = 806201FE264A40630048A136 /* Badge.swift */; };
		80829F91264BE34A00D8A16C /* hikeData.json in Resources */ = {isa = PBXBuildFile; fileRef = 80829F90264BE34A00D8A16C /* hikeData.json */; };
		80829F97264BE38100D8A16C /* GraphCapsule.swift in Sources */ = {isa = PBXBuildFile; fileRef = 80829F93264BE38100D8A16C /* GraphCapsule.swift */; };
		80829F98264BE38100D8A16C /* HikeGraph.swift in Sources */ = {isa = PBXBuildFile; fileRef = 80829F94264BE38100D8A16C /* HikeGraph.swift */; };
		80829F99264BE38100D8A16C /* HikeDetail.swift in Sources */ = {isa = PBXBuildFile; fileRef = 80829F95264BE38100D8A16C /* HikeDetail.swift */; };
		80829F9A264BE38100D8A16C /* HikeView.swift in Sources */ = {isa = PBXBuildFile; fileRef = 80829F96264BE38100D8A16C /* HikeView.swift */; };
		80829F9C264BE3C500D8A16C /* Hike.swift in Sources */ = {isa = PBXBuildFile; fileRef = 80829F9B264BE3C500D8A16C /* Hike.swift */; };
		80829F9F264BE7D300D8A16C /* CategoryHome.swift in Sources */ = {isa = PBXBuildFile; fileRef = 80829F9E264BE7D300D8A16C /* CategoryHome.swift */; };
		80829FA1264BEA4900D8A16C /* CategoryRow.swift in Sources */ = {isa = PBXBuildFile; fileRef = 80829FA0264BEA4900D8A16C /* CategoryRow.swift */; };
		80829FA3264BEB4F00D8A16C /* CategoryItem.swift in Sources */ = {isa = PBXBuildFile; fileRef = 80829FA2264BEB4F00D8A16C /* CategoryItem.swift */; };
		80829FA5264BEF4C00D8A16C /* Profile.swift in Sources */ = {isa = PBXBuildFile; fileRef = 80829FA4264BEF4C00D8A16C /* Profile.swift */; };
		80829FA8264BEF8400D8A16C /* ProfileHost.swift in Sources */ = {isa = PBXBuildFile; fileRef = 80829FA7264BEF8400D8A16C /* ProfileHost.swift */; };
		80829FAA264BEFCB00D8A16C /* ProfileSummary.swift in Sources */ = {isa = PBXBuildFile; fileRef = 80829FA9264BEFCB00D8A16C /* ProfileSummary.swift */; };
		80829FAC264BF03900D8A16C /* HikeBadge.swift in Sources */ = {isa = PBXBuildFile; fileRef = 80829FAB264BF03900D8A16C /* HikeBadge.swift */; };
		80829FAE264BF1A700D8A16C /* ProfileEditor.swift in Sources */ = {isa = PBXBuildFile; fileRef = 80829FAD264BF1A700D8A16C /* ProfileEditor.swift */; };
		80829FB1264BF44000D8A16C /* PageViewController.swift in Sources */ = {isa = PBXBuildFile; fileRef = 80829FB0264BF44000D8A16C /* PageViewController.swift */; };
		80829FB3264BF59400D8A16C /* FeatureCard.swift in Sources */ = {isa = PBXBuildFile; fileRef = 80829FB2264BF59400D8A16C /* FeatureCard.swift */; };
		80829FB5264BF5D500D8A16C /* PageView.swift in Sources */ = {isa = PBXBuildFile; fileRef = 80829FB4264BF5D500D8A16C /* PageView.swift */; };
		80829FB7264BF6C500D8A16C /* PageControl.swift in Sources */ = {isa = PBXBuildFile; fileRef = 80829FB6264BF6C500D8A16C /* PageControl.swift */; };
		80829FBD264BF99900D8A16C /* Assets.xcassets in Resources */ = {isa = PBXBuildFile; fileRef = 80829FBC264BF99900D8A16C /* Assets.xcassets */; };
		80829FC4264BF99A00D8A16C /* WatchLandmarks Extension.appex in Embed App Extensions */ = {isa = PBXBuildFile; fileRef = 80829FC3264BF99A00D8A16C /* WatchLandmarks Extension.appex */; settings = {ATTRIBUTES = (RemoveHeadersOnCopy, ); }; };
		80829FCB264BF99A00D8A16C /* ContentView.swift in Sources */ = {isa = PBXBuildFile; fileRef = 80829FCA264BF99A00D8A16C /* ContentView.swift */; };
		80829FCD264BF99A00D8A16C /* NotificationController.swift in Sources */ = {isa = PBXBuildFile; fileRef = 80829FCC264BF99A00D8A16C /* NotificationController.swift */; };
		80829FCF264BF99A00D8A16C /* NotificationView.swift in Sources */ = {isa = PBXBuildFile; fileRef = 80829FCE264BF99A00D8A16C /* NotificationView.swift */; };
		80829FD1264BF99A00D8A16C /* ComplicationController.swift in Sources */ = {isa = PBXBuildFile; fileRef = 80829FD0264BF99A00D8A16C /* ComplicationController.swift */; };
		80829FD3264BF99A00D8A16C /* Assets.xcassets in Resources */ = {isa = PBXBuildFile; fileRef = 80829FD2264BF99A00D8A16C /* Assets.xcassets */; };
		80829FD6264BF99A00D8A16C /* Preview Assets.xcassets in Resources */ = {isa = PBXBuildFile; fileRef = 80829FD5264BF99A00D8A16C /* Preview Assets.xcassets */; };
		80829FDB264BF99A00D8A16C /* WatchLandmarks.app in Embed Watch Content */ = {isa = PBXBuildFile; fileRef = 80829FBA264BF99800D8A16C /* WatchLandmarks.app */; settings = {ATTRIBUTES = (RemoveHeadersOnCopy, ); }; };
		80829FE4264BFD3100D8A16C /* LandmarkRow.swift in Sources */ = {isa = PBXBuildFile; fileRef = 8022EEC02645356400306F0C /* LandmarkRow.swift */; };
		80829FE5264BFD3100D8A16C /* CircleImage.swift in Sources */ = {isa = PBXBuildFile; fileRef = 8022EEB026452EAC00306F0C /* CircleImage.swift */; };
		80829FE6264BFD3100D8A16C /* Landmark.swift in Sources */ = {isa = PBXBuildFile; fileRef = 8022EEB7264531F600306F0C /* Landmark.swift */; };
		80829FE7264BFD3100D8A16C /* Profile.swift in Sources */ = {isa = PBXBuildFile; fileRef = 80829FA4264BEF4C00D8A16C /* Profile.swift */; };
		80829FE8264BFD3100D8A16C /* MapView.swift in Sources */ = {isa = PBXBuildFile; fileRef = 8022EEB226452F5C00306F0C /* MapView.swift */; };
		80829FE9264BFD3100D8A16C /* ModelData.swift in Sources */ = {isa = PBXBuildFile; fileRef = 8022EEB92645336B00306F0C /* ModelData.swift */; };
		80829FEA264BFD3100D8A16C /* hikeData.json in Resources */ = {isa = PBXBuildFile; fileRef = 80829F90264BE34A00D8A16C /* hikeData.json */; };
		80829FEC264BFD3100D8A16C /* LandmarkList.swift in Sources */ = {isa = PBXBuildFile; fileRef = 8022EEC22645369100306F0C /* LandmarkList.swift */; };
		80829FED264BFD3100D8A16C /* landmarkData.json in Resources */ = {isa = PBXBuildFile; fileRef = 8022EEB4264531C200306F0C /* landmarkData.json */; };
		80829FEE264BFD3100D8A16C /* Hike.swift in Sources */ = {isa = PBXBuildFile; fileRef = 80829F9B264BE3C500D8A16C /* Hike.swift */; };
		80829FEF264BFD3100D8A16C /* Assets.xcassets in Resources */ = {isa = PBXBuildFile; fileRef = 8022EEA526452CC600306F0C /* Assets.xcassets */; };
		80829FF1264BFD8300D8A16C /* LandmarkDetail.swift in Sources */ = {isa = PBXBuildFile; fileRef = 80829FF0264BFD8300D8A16C /* LandmarkDetail.swift */; };
		80829FF2264BFE2900D8A16C /* LandmarksApp.swift in Sources */ = {isa = PBXBuildFile; fileRef = 8022EEA126452CC500306F0C /* LandmarksApp.swift */; };
/* End PBXBuildFile section */

/* Begin PBXContainerItemProxy section */
		80829FC5264BF99A00D8A16C /* PBXContainerItemProxy */ = {
			isa = PBXContainerItemProxy;
			containerPortal = 8022EE9626452CC500306F0C /* Project object */;
			proxyType = 1;
			remoteGlobalIDString = 80829FC2264BF99A00D8A16C;
			remoteInfo = "WatchLandmarks Extension";
		};
		80829FD9264BF99A00D8A16C /* PBXContainerItemProxy */ = {
			isa = PBXContainerItemProxy;
			containerPortal = 8022EE9626452CC500306F0C /* Project object */;
			proxyType = 1;
			remoteGlobalIDString = 80829FB9264BF99800D8A16C;
			remoteInfo = WatchLandmarks;
		};
/* End PBXContainerItemProxy section */

/* Begin PBXCopyFilesBuildPhase section */
		80829FDC264BF99A00D8A16C /* Embed Watch Content */ = {
			isa = PBXCopyFilesBuildPhase;
			buildActionMask = 2147483647;
			dstPath = "$(CONTENTS_FOLDER_PATH)/Watch";
			dstSubfolderSpec = 16;
			files = (
				80829FDB264BF99A00D8A16C /* WatchLandmarks.app in Embed Watch Content */,
			);
			name = "Embed Watch Content";
			runOnlyForDeploymentPostprocessing = 0;
		};
		80829FDF264BF99A00D8A16C /* Embed App Extensions */ = {
			isa = PBXCopyFilesBuildPhase;
			buildActionMask = 2147483647;
			dstPath = "";
			dstSubfolderSpec = 13;
			files = (
				80829FC4264BF99A00D8A16C /* WatchLandmarks Extension.appex in Embed App Extensions */,
			);
			name = "Embed App Extensions";
			runOnlyForDeploymentPostprocessing = 0;
		};
/* End PBXCopyFilesBuildPhase section */

/* Begin PBXFileReference section */
		8022EE9E26452CC500306F0C /* Landmarks.app */ = {isa = PBXFileReference; explicitFileType = wrapper.application; includeInIndex = 0; path = Landmarks.app; sourceTree = BUILT_PRODUCTS_DIR; };
		8022EEA126452CC500306F0C /* LandmarksApp.swift */ = {isa = PBXFileReference; lastKnownFileType = sourcecode.swift; path = LandmarksApp.swift; sourceTree = "<group>"; };
		8022EEA326452CC500306F0C /* ContentView.swift */ = {isa = PBXFileReference; lastKnownFileType = sourcecode.swift; path = ContentView.swift; sourceTree = "<group>"; };
		8022EEA526452CC600306F0C /* Assets.xcassets */ = {isa = PBXFileReference; lastKnownFileType = folder.assetcatalog; path = Assets.xcassets; sourceTree = "<group>"; };
		8022EEA826452CC600306F0C /* Preview Assets.xcassets */ = {isa = PBXFileReference; lastKnownFileType = folder.assetcatalog; path = "Preview Assets.xcassets"; sourceTree = "<group>"; };
		8022EEAA26452CC600306F0C /* Info.plist */ = {isa = PBXFileReference; lastKnownFileType = text.plist.xml; path = Info.plist; sourceTree = "<group>"; };
		8022EEB026452EAC00306F0C /* CircleImage.swift */ = {isa = PBXFileReference; lastKnownFileType = sourcecode.swift; path = CircleImage.swift; sourceTree = "<group>"; };
		8022EEB226452F5C00306F0C /* MapView.swift */ = {isa = PBXFileReference; lastKnownFileType = sourcecode.swift; path = MapView.swift; sourceTree = "<group>"; };
		8022EEB4264531C200306F0C /* landmarkData.json */ = {isa = PBXFileReference; fileEncoding = 4; lastKnownFileType = text.json; path = landmarkData.json; sourceTree = "<group>"; };
		8022EEB7264531F600306F0C /* Landmark.swift */ = {isa = PBXFileReference; lastKnownFileType = sourcecode.swift; path = Landmark.swift; sourceTree = "<group>"; };
		8022EEB92645336B00306F0C /* ModelData.swift */ = {isa = PBXFileReference; lastKnownFileType = sourcecode.swift; path = ModelData.swift; sourceTree = "<group>"; };
		8022EEC02645356400306F0C /* LandmarkRow.swift */ = {isa = PBXFileReference; lastKnownFileType = sourcecode.swift; path = LandmarkRow.swift; sourceTree = "<group>"; };
		8022EEC22645369100306F0C /* LandmarkList.swift */ = {isa = PBXFileReference; lastKnownFileType = sourcecode.swift; path = LandmarkList.swift; sourceTree = "<group>"; };
		8022EEC42645373500306F0C /* LandmarkDetail.swift */ = {isa = PBXFileReference; lastKnownFileType = sourcecode.swift; path = LandmarkDetail.swift; sourceTree = "<group>"; };
		806201F2264A3C1C0048A136 /* FavoriteButton.swift */ = {isa = PBXFileReference; lastKnownFileType = sourcecode.swift; path = FavoriteButton.swift; sourceTree = "<group>"; };
		806201F6264A3EE70048A136 /* HexagonParameters.swift */ = {isa = PBXFileReference; lastKnownFileType = sourcecode.swift; path = HexagonParameters.swift; sourceTree = "<group>"; };
		806201F8264A3F490048A136 /* BadgeBackground.swift */ = {isa = PBXFileReference; lastKnownFileType = sourcecode.swift; path = BadgeBackground.swift; sourceTree = "<group>"; };
		806201FA264A40000048A136 /* BadgeSymbol.swift */ = {isa = PBXFileReference; lastKnownFileType = sourcecode.swift; path = BadgeSymbol.swift; sourceTree = "<group>"; };
		806201FC264A40380048A136 /* RotatedBadgeSymbol.swift */ = {isa = PBXFileReference; lastKnownFileType = sourcecode.swift; path = RotatedBadgeSymbol.swift; sourceTree = "<group>"; };
		806201FE264A40630048A136 /* Badge.swift */ = {isa = PBXFileReference; lastKnownFileType = sourcecode.swift; path = Badge.swift; sourceTree = "<group>"; };
		80829F90264BE34A00D8A16C /* hikeData.json */ = {isa = PBXFileReference; fileEncoding = 4; lastKnownFileType = text.json; path = hikeData.json; sourceTree = "<group>"; };
		80829F93264BE38100D8A16C /* GraphCapsule.swift */ = {isa = PBXFileReference; fileEncoding = 4; lastKnownFileType = sourcecode.swift; path = GraphCapsule.swift; sourceTree = "<group>"; };
		80829F94264BE38100D8A16C /* HikeGraph.swift */ = {isa = PBXFileReference; fileEncoding = 4; lastKnownFileType = sourcecode.swift; path = HikeGraph.swift; sourceTree = "<group>"; };
		80829F95264BE38100D8A16C /* HikeDetail.swift */ = {isa = PBXFileReference; fileEncoding = 4; lastKnownFileType = sourcecode.swift; path = HikeDetail.swift; sourceTree = "<group>"; };
		80829F96264BE38100D8A16C /* HikeView.swift */ = {isa = PBXFileReference; fileEncoding = 4; lastKnownFileType = sourcecode.swift; path = HikeView.swift; sourceTree = "<group>"; };
		80829F9B264BE3C500D8A16C /* Hike.swift */ = {isa = PBXFileReference; lastKnownFileType = sourcecode.swift; path = Hike.swift; sourceTree = "<group>"; };
		80829F9E264BE7D300D8A16C /* CategoryHome.swift */ = {isa = PBXFileReference; lastKnownFileType = sourcecode.swift; path = CategoryHome.swift; sourceTree = "<group>"; };
		80829FA0264BEA4900D8A16C /* CategoryRow.swift */ = {isa = PBXFileReference; lastKnownFileType = sourcecode.swift; path = CategoryRow.swift; sourceTree = "<group>"; };
		80829FA2264BEB4F00D8A16C /* CategoryItem.swift */ = {isa = PBXFileReference; lastKnownFileType = sourcecode.swift; path = CategoryItem.swift; sourceTree = "<group>"; };
		80829FA4264BEF4C00D8A16C /* Profile.swift */ = {isa = PBXFileReference; lastKnownFileType = sourcecode.swift; path = Profile.swift; sourceTree = "<group>"; };
		80829FA7264BEF8400D8A16C /* ProfileHost.swift */ = {isa = PBXFileReference; lastKnownFileType = sourcecode.swift; path = ProfileHost.swift; sourceTree = "<group>"; };
		80829FA9264BEFCB00D8A16C /* ProfileSummary.swift */ = {isa = PBXFileReference; lastKnownFileType = sourcecode.swift; path = ProfileSummary.swift; sourceTree = "<group>"; };
		80829FAB264BF03900D8A16C /* HikeBadge.swift */ = {isa = PBXFileReference; lastKnownFileType = sourcecode.swift; path = HikeBadge.swift; sourceTree = "<group>"; };
		80829FAD264BF1A700D8A16C /* ProfileEditor.swift */ = {isa = PBXFileReference; lastKnownFileType = sourcecode.swift; path = ProfileEditor.swift; sourceTree = "<group>"; };
		80829FB0264BF44000D8A16C /* PageViewController.swift */ = {isa = PBXFileReference; lastKnownFileType = sourcecode.swift; path = PageViewController.swift; sourceTree = "<group>"; };
		80829FB2264BF59400D8A16C /* FeatureCard.swift */ = {isa = PBXFileReference; lastKnownFileType = sourcecode.swift; path = FeatureCard.swift; sourceTree = "<group>"; };
		80829FB4264BF5D500D8A16C /* PageView.swift */ = {isa = PBXFileReference; lastKnownFileType = sourcecode.swift; path = PageView.swift; sourceTree = "<group>"; };
		80829FB6264BF6C500D8A16C /* PageControl.swift */ = {isa = PBXFileReference; lastKnownFileType = sourcecode.swift; path = PageControl.swift; sourceTree = "<group>"; };
		80829FBA264BF99800D8A16C /* WatchLandmarks.app */ = {isa = PBXFileReference; explicitFileType = wrapper.application; includeInIndex = 0; path = WatchLandmarks.app; sourceTree = BUILT_PRODUCTS_DIR; };
		80829FBC264BF99900D8A16C /* Assets.xcassets */ = {isa = PBXFileReference; lastKnownFileType = folder.assetcatalog; path = Assets.xcassets; sourceTree = "<group>"; };
		80829FBE264BF99900D8A16C /* Info.plist */ = {isa = PBXFileReference; lastKnownFileType = text.plist.xml; path = Info.plist; sourceTree = "<group>"; };
		80829FC3264BF99A00D8A16C /* WatchLandmarks Extension.appex */ = {isa = PBXFileReference; explicitFileType = "wrapper.app-extension"; includeInIndex = 0; path = "WatchLandmarks Extension.appex"; sourceTree = BUILT_PRODUCTS_DIR; };
		80829FCA264BF99A00D8A16C /* ContentView.swift */ = {isa = PBXFileReference; lastKnownFileType = sourcecode.swift; path = ContentView.swift; sourceTree = "<group>"; };
		80829FCC264BF99A00D8A16C /* NotificationController.swift */ = {isa = PBXFileReference; lastKnownFileType = sourcecode.swift; path = NotificationController.swift; sourceTree = "<group>"; };
		80829FCE264BF99A00D8A16C /* NotificationView.swift */ = {isa = PBXFileReference; lastKnownFileType = sourcecode.swift; path = NotificationView.swift; sourceTree = "<group>"; };
		80829FD0264BF99A00D8A16C /* ComplicationController.swift */ = {isa = PBXFileReference; lastKnownFileType = sourcecode.swift; path = ComplicationController.swift; sourceTree = "<group>"; };
		80829FD2264BF99A00D8A16C /* Assets.xcassets */ = {isa = PBXFileReference; lastKnownFileType = folder.assetcatalog; path = Assets.xcassets; sourceTree = "<group>"; };
		80829FD5264BF99A00D8A16C /* Preview Assets.xcassets */ = {isa = PBXFileReference; lastKnownFileType = folder.assetcatalog; path = "Preview Assets.xcassets"; sourceTree = "<group>"; };
		80829FD7264BF99A00D8A16C /* Info.plist */ = {isa = PBXFileReference; lastKnownFileType = text.plist.xml; path = Info.plist; sourceTree = "<group>"; };
		80829FD8264BF99A00D8A16C /* PushNotificationPayload.apns */ = {isa = PBXFileReference; lastKnownFileType = text; path = PushNotificationPayload.apns; sourceTree = "<group>"; };
		80829FF0264BFD8300D8A16C /* LandmarkDetail.swift */ = {isa = PBXFileReference; lastKnownFileType = sourcecode.swift; path = LandmarkDetail.swift; sourceTree = "<group>"; };
/* End PBXFileReference section */

/* Begin PBXFrameworksBuildPhase section */
		8022EE9B26452CC500306F0C /* Frameworks */ = {
			isa = PBXFrameworksBuildPhase;
			buildActionMask = 2147483647;
			files = (
			);
			runOnlyForDeploymentPostprocessing = 0;
		};
		80829FC0264BF99A00D8A16C /* Frameworks */ = {
			isa = PBXFrameworksBuildPhase;
			buildActionMask = 2147483647;
			files = (
			);
			runOnlyForDeploymentPostprocessing = 0;
		};
/* End PBXFrameworksBuildPhase section */

/* Begin PBXGroup section */
		8022EE9526452CC500306F0C = {
			isa = PBXGroup;
			children = (
				8022EEA026452CC500306F0C /* Landmarks */,
				80829FBB264BF99800D8A16C /* WatchLandmarks */,
				80829FC7264BF99A00D8A16C /* WatchLandmarks Extension */,
				8022EE9F26452CC500306F0C /* Products */,
			);
			sourceTree = "<group>";
		};
		8022EE9F26452CC500306F0C /* Products */ = {
			isa = PBXGroup;
			children = (
				8022EE9E26452CC500306F0C /* Landmarks.app */,
				80829FBA264BF99800D8A16C /* WatchLandmarks.app */,
				80829FC3264BF99A00D8A16C /* WatchLandmarks Extension.appex */,
			);
			name = Products;
			sourceTree = "<group>";
		};
		8022EEA026452CC500306F0C /* Landmarks */ = {
			isa = PBXGroup;
			children = (
				8022EEA126452CC500306F0C /* LandmarksApp.swift */,
				8022EEBB2645350800306F0C /* Views */,
				8022EEBD2645351600306F0C /* Model */,
				8022EEBF2645352500306F0C /* Resources */,
				8022EEA526452CC600306F0C /* Assets.xcassets */,
				8022EEAA26452CC600306F0C /* Info.plist */,
				8022EEA726452CC600306F0C /* Preview Content */,
			);
			path = Landmarks;
			sourceTree = "<group>";
		};
		8022EEA726452CC600306F0C /* Preview Content */ = {
			isa = PBXGroup;
			children = (
				8022EEA826452CC600306F0C /* Preview Assets.xcassets */,
			);
			path = "Preview Content";
			sourceTree = "<group>";
		};
		8022EEBB2645350800306F0C /* Views */ = {
			isa = PBXGroup;
			children = (
				8022EEA326452CC500306F0C /* ContentView.swift */,
				80829FAF264BF42700D8A16C /* PageView */,
				80829FA6264BEF7600D8A16C /* Profiles */,
				80829F9D264BE7C000D8A16C /* Categories */,
				80829F92264BE38100D8A16C /* Hikes */,
				806201F4264A3CAF0048A136 /* Landmarks */,
				806201F5264A3CB80048A136 /* Helpers */,
				80620200264A407B0048A136 /* Badges */,
			);
			path = Views;
			sourceTree = "<group>";
		};
		8022EEBD2645351600306F0C /* Model */ = {
			isa = PBXGroup;
			children = (
				8022EEB7264531F600306F0C /* Landmark.swift */,
				8022EEB92645336B00306F0C /* ModelData.swift */,
				80829F9B264BE3C500D8A16C /* Hike.swift */,
				80829FA4264BEF4C00D8A16C /* Profile.swift */,
			);
			path = Model;
			sourceTree = "<group>";
		};
		8022EEBF2645352500306F0C /* Resources */ = {
			isa = PBXGroup;
			children = (
				80829F90264BE34A00D8A16C /* hikeData.json */,
				8022EEB4264531C200306F0C /* landmarkData.json */,
			);
			path = Resources;
			sourceTree = "<group>";
		};
		806201F4264A3CAF0048A136 /* Landmarks */ = {
			isa = PBXGroup;
			children = (
				8022EEC22645369100306F0C /* LandmarkList.swift */,
				8022EEC02645356400306F0C /* LandmarkRow.swift */,
				8022EEC42645373500306F0C /* LandmarkDetail.swift */,
			);
			path = Landmarks;
			sourceTree = "<group>";
		};
		806201F5264A3CB80048A136 /* Helpers */ = {
			isa = PBXGroup;
			children = (
				8022EEB026452EAC00306F0C /* CircleImage.swift */,
				8022EEB226452F5C00306F0C /* MapView.swift */,
				806201F2264A3C1C0048A136 /* FavoriteButton.swift */,
			);
			path = Helpers;
			sourceTree = "<group>";
		};
		80620200264A407B0048A136 /* Badges */ = {
			isa = PBXGroup;
			children = (
				806201FE264A40630048A136 /* Badge.swift */,
				806201F8264A3F490048A136 /* BadgeBackground.swift */,
				806201FA264A40000048A136 /* BadgeSymbol.swift */,
				806201FC264A40380048A136 /* RotatedBadgeSymbol.swift */,
				806201F6264A3EE70048A136 /* HexagonParameters.swift */,
			);
			path = Badges;
			sourceTree = "<group>";
		};
		80829F92264BE38100D8A16C /* Hikes */ = {
			isa = PBXGroup;
			children = (
				80829F93264BE38100D8A16C /* GraphCapsule.swift */,
				80829F94264BE38100D8A16C /* HikeGraph.swift */,
				80829F95264BE38100D8A16C /* HikeDetail.swift */,
				80829F96264BE38100D8A16C /* HikeView.swift */,
				80829FAB264BF03900D8A16C /* HikeBadge.swift */,
			);
			path = Hikes;
			sourceTree = "<group>";
		};
		80829F9D264BE7C000D8A16C /* Categories */ = {
			isa = PBXGroup;
			children = (
				80829F9E264BE7D300D8A16C /* CategoryHome.swift */,
				80829FA0264BEA4900D8A16C /* CategoryRow.swift */,
				80829FA2264BEB4F00D8A16C /* CategoryItem.swift */,
			);
			path = Categories;
			sourceTree = "<group>";
		};
		80829FA6264BEF7600D8A16C /* Profiles */ = {
			isa = PBXGroup;
			children = (
				80829FA7264BEF8400D8A16C /* ProfileHost.swift */,
				80829FA9264BEFCB00D8A16C /* ProfileSummary.swift */,
				80829FAD264BF1A700D8A16C /* ProfileEditor.swift */,
			);
			path = Profiles;
			sourceTree = "<group>";
		};
		80829FAF264BF42700D8A16C /* PageView */ = {
			isa = PBXGroup;
			children = (
				80829FB0264BF44000D8A16C /* PageViewController.swift */,
				80829FB2264BF59400D8A16C /* FeatureCard.swift */,
				80829FB4264BF5D500D8A16C /* PageView.swift */,
				80829FB6264BF6C500D8A16C /* PageControl.swift */,
			);
			path = PageView;
			sourceTree = "<group>";
		};
		80829FBB264BF99800D8A16C /* WatchLandmarks */ = {
			isa = PBXGroup;
			children = (
				80829FBC264BF99900D8A16C /* Assets.xcassets */,
				80829FBE264BF99900D8A16C /* Info.plist */,
			);
			path = WatchLandmarks;
			sourceTree = "<group>";
		};
		80829FC7264BF99A00D8A16C /* WatchLandmarks Extension */ = {
			isa = PBXGroup;
			children = (
				80829FCA264BF99A00D8A16C /* ContentView.swift */,
				80829FCC264BF99A00D8A16C /* NotificationController.swift */,
				80829FCE264BF99A00D8A16C /* NotificationView.swift */,
				80829FD0264BF99A00D8A16C /* ComplicationController.swift */,
				80829FD2264BF99A00D8A16C /* Assets.xcassets */,
				80829FD7264BF99A00D8A16C /* Info.plist */,
				80829FD8264BF99A00D8A16C /* PushNotificationPayload.apns */,
				80829FD4264BF99A00D8A16C /* Preview Content */,
				80829FF0264BFD8300D8A16C /* LandmarkDetail.swift */,
			);
			path = "WatchLandmarks Extension";
			sourceTree = "<group>";
		};
		80829FD4264BF99A00D8A16C /* Preview Content */ = {
			isa = PBXGroup;
			children = (
				80829FD5264BF99A00D8A16C /* Preview Assets.xcassets */,
			);
			path = "Preview Content";
			sourceTree = "<group>";
		};
/* End PBXGroup section */

/* Begin PBXNativeTarget section */
		8022EE9D26452CC500306F0C /* Landmarks */ = {
			isa = PBXNativeTarget;
			buildConfigurationList = 8022EEAD26452CC600306F0C /* Build configuration list for PBXNativeTarget "Landmarks" */;
			buildPhases = (
				8022EE9A26452CC500306F0C /* Sources */,
				8022EE9B26452CC500306F0C /* Frameworks */,
				8022EE9C26452CC500306F0C /* Resources */,
				80829FDC264BF99A00D8A16C /* Embed Watch Content */,
			);
			buildRules = (
			);
			dependencies = (
				80829FDA264BF99A00D8A16C /* PBXTargetDependency */,
			);
			name = Landmarks;
			productName = Landmarks;
			productReference = 8022EE9E26452CC500306F0C /* Landmarks.app */;
			productType = "com.apple.product-type.application";
		};
		80829FB9264BF99800D8A16C /* WatchLandmarks */ = {
			isa = PBXNativeTarget;
			buildConfigurationList = 80829FE3264BF99A00D8A16C /* Build configuration list for PBXNativeTarget "WatchLandmarks" */;
			buildPhases = (
				80829FB8264BF99800D8A16C /* Resources */,
				80829FDF264BF99A00D8A16C /* Embed App Extensions */,
			);
			buildRules = (
			);
			dependencies = (
				80829FC6264BF99A00D8A16C /* PBXTargetDependency */,
			);
			name = WatchLandmarks;
			productName = WatchLandmarks;
			productReference = 80829FBA264BF99800D8A16C /* WatchLandmarks.app */;
			productType = "com.apple.product-type.application.watchapp2";
		};
		80829FC2264BF99A00D8A16C /* WatchLandmarks Extension */ = {
			isa = PBXNativeTarget;
			buildConfigurationList = 80829FE2264BF99A00D8A16C /* Build configuration list for PBXNativeTarget "WatchLandmarks Extension" */;
			buildPhases = (
				80829FBF264BF99A00D8A16C /* Sources */,
				80829FC0264BF99A00D8A16C /* Frameworks */,
				80829FC1264BF99A00D8A16C /* Resources */,
			);
			buildRules = (
			);
			dependencies = (
			);
			name = "WatchLandmarks Extension";
			productName = "WatchLandmarks Extension";
			productReference = 80829FC3264BF99A00D8A16C /* WatchLandmarks Extension.appex */;
			productType = "com.apple.product-type.watchkit2-extension";
		};
/* End PBXNativeTarget section */

/* Begin PBXProject section */
		8022EE9626452CC500306F0C /* Project object */ = {
			isa = PBXProject;
			attributes = {
				LastSwiftUpdateCheck = 1250;
				LastUpgradeCheck = 1250;
				TargetAttributes = {
					8022EE9D26452CC500306F0C = {
						CreatedOnToolsVersion = 12.5;
					};
					80829FB9264BF99800D8A16C = {
						CreatedOnToolsVersion = 12.5;
					};
					80829FC2264BF99A00D8A16C = {
						CreatedOnToolsVersion = 12.5;
					};
				};
			};
			buildConfigurationList = 8022EE9926452CC500306F0C /* Build configuration list for PBXProject "Landmarks" */;
			compatibilityVersion = "Xcode 9.3";
			developmentRegion = en;
			hasScannedForEncodings = 0;
			knownRegions = (
				en,
				Base,
			);
			mainGroup = 8022EE9526452CC500306F0C;
			productRefGroup = 8022EE9F26452CC500306F0C /* Products */;
			projectDirPath = "";
			projectRoot = "";
			targets = (
				8022EE9D26452CC500306F0C /* Landmarks */,
				80829FB9264BF99800D8A16C /* WatchLandmarks */,
				80829FC2264BF99A00D8A16C /* WatchLandmarks Extension */,
			);
		};
/* End PBXProject section */

/* Begin PBXResourcesBuildPhase section */
		8022EE9C26452CC500306F0C /* Resources */ = {
			isa = PBXResourcesBuildPhase;
			buildActionMask = 2147483647;
			files = (
				80829F91264BE34A00D8A16C /* hikeData.json in Resources */,
				8022EEA926452CC600306F0C /* Preview Assets.xcassets in Resources */,
				8022EEA626452CC600306F0C /* Assets.xcassets in Resources */,
				8022EEB5264531C200306F0C /* landmarkData.json in Resources */,
			);
			runOnlyForDeploymentPostprocessing = 0;
		};
		80829FB8264BF99800D8A16C /* Resources */ = {
			isa = PBXResourcesBuildPhase;
			buildActionMask = 2147483647;
			files = (
				80829FBD264BF99900D8A16C /* Assets.xcassets in Resources */,
			);
			runOnlyForDeploymentPostprocessing = 0;
		};
		80829FC1264BF99A00D8A16C /* Resources */ = {
			isa = PBXResourcesBuildPhase;
			buildActionMask = 2147483647;
			files = (
				80829FD6264BF99A00D8A16C /* Preview Assets.xcassets in Resources */,
				80829FED264BFD3100D8A16C /* landmarkData.json in Resources */,
				80829FEA264BFD3100D8A16C /* hikeData.json in Resources */,
				80829FD3264BF99A00D8A16C /* Assets.xcassets in Resources */,
				80829FEF264BFD3100D8A16C /* Assets.xcassets in Resources */,
			);
			runOnlyForDeploymentPostprocessing = 0;
		};
/* End PBXResourcesBuildPhase section */

/* Begin PBXSourcesBuildPhase section */
		8022EE9A26452CC500306F0C /* Sources */ = {
			isa = PBXSourcesBuildPhase;
			buildActionMask = 2147483647;
			files = (
				80829FA1264BEA4900D8A16C /* CategoryRow.swift in Sources */,
				80829FA5264BEF4C00D8A16C /* Profile.swift in Sources */,
				8022EEA426452CC500306F0C /* ContentView.swift in Sources */,
				80829F9F264BE7D300D8A16C /* CategoryHome.swift in Sources */,
				80829FB3264BF59400D8A16C /* FeatureCard.swift in Sources */,
				806201FF264A40630048A136 /* Badge.swift in Sources */,
				8022EEB326452F5C00306F0C /* MapView.swift in Sources */,
				8022EEA226452CC500306F0C /* LandmarksApp.swift in Sources */,
				80829F9A264BE38100D8A16C /* HikeView.swift in Sources */,
				806201F3264A3C1C0048A136 /* FavoriteButton.swift in Sources */,
				80829FB7264BF6C500D8A16C /* PageControl.swift in Sources */,
				806201F7264A3EE70048A136 /* HexagonParameters.swift in Sources */,
				80829FA3264BEB4F00D8A16C /* CategoryItem.swift in Sources */,
				806201FD264A40380048A136 /* RotatedBadgeSymbol.swift in Sources */,
				80829FAA264BEFCB00D8A16C /* ProfileSummary.swift in Sources */,
				806201FB264A40000048A136 /* BadgeSymbol.swift in Sources */,
				80829FA8264BEF8400D8A16C /* ProfileHost.swift in Sources */,
				8022EEC32645369100306F0C /* LandmarkList.swift in Sources */,
				80829F9C264BE3C500D8A16C /* Hike.swift in Sources */,
				80829FB5264BF5D500D8A16C /* PageView.swift in Sources */,
				8022EEC52645373500306F0C /* LandmarkDetail.swift in Sources */,
				80829FAE264BF1A700D8A16C /* ProfileEditor.swift in Sources */,
				806201F9264A3F490048A136 /* BadgeBackground.swift in Sources */,
				80829F99264BE38100D8A16C /* HikeDetail.swift in Sources */,
				8022EEB126452EAC00306F0C /* CircleImage.swift in Sources */,
				80829FB1264BF44000D8A16C /* PageViewController.swift in Sources */,
				80829F97264BE38100D8A16C /* GraphCapsule.swift in Sources */,
				80829FAC264BF03900D8A16C /* HikeBadge.swift in Sources */,
				8022EEB8264531F600306F0C /* Landmark.swift in Sources */,
				8022EEC12645356400306F0C /* LandmarkRow.swift in Sources */,
				8022EEBA2645336B00306F0C /* ModelData.swift in Sources */,
				80829F98264BE38100D8A16C /* HikeGraph.swift in Sources */,
			);
			runOnlyForDeploymentPostprocessing = 0;
		};
		80829FBF264BF99A00D8A16C /* Sources */ = {
			isa = PBXSourcesBuildPhase;
			buildActionMask = 2147483647;
			files = (
				80829FE6264BFD3100D8A16C /* Landmark.swift in Sources */,
				80829FE7264BFD3100D8A16C /* Profile.swift in Sources */,
				80829FCD264BF99A00D8A16C /* NotificationController.swift in Sources */,
				80829FEE264BFD3100D8A16C /* Hike.swift in Sources */,
				80829FCB264BF99A00D8A16C /* ContentView.swift in Sources */,
				80829FF1264BFD8300D8A16C /* LandmarkDetail.swift in Sources */,
				80829FD1264BF99A00D8A16C /* ComplicationController.swift in Sources */,
				80829FE4264BFD3100D8A16C /* LandmarkRow.swift in Sources */,
				80829FEC264BFD3100D8A16C /* LandmarkList.swift in Sources */,
				80829FCF264BF99A00D8A16C /* NotificationView.swift in Sources */,
				80829FE9264BFD3100D8A16C /* ModelData.swift in Sources */,
				80829FE8264BFD3100D8A16C /* MapView.swift in Sources */,
				80829FF2264BFE2900D8A16C /* LandmarksApp.swift in Sources */,
				80829FE5264BFD3100D8A16C /* CircleImage.swift in Sources */,
			);
			runOnlyForDeploymentPostprocessing = 0;
		};
/* End PBXSourcesBuildPhase section */

/* Begin PBXTargetDependency section */
		80829FC6264BF99A00D8A16C /* PBXTargetDependency */ = {
			isa = PBXTargetDependency;
			target = 80829FC2264BF99A00D8A16C /* WatchLandmarks Extension */;
			targetProxy = 80829FC5264BF99A00D8A16C /* PBXContainerItemProxy */;
		};
		80829FDA264BF99A00D8A16C /* PBXTargetDependency */ = {
			isa = PBXTargetDependency;
			target = 80829FB9264BF99800D8A16C /* WatchLandmarks */;
			targetProxy = 80829FD9264BF99A00D8A16C /* PBXContainerItemProxy */;
		};
/* End PBXTargetDependency section */

/* Begin XCBuildConfiguration section */
		8022EEAB26452CC600306F0C /* Debug */ = {
			isa = XCBuildConfiguration;
			buildSettings = {
				ALWAYS_SEARCH_USER_PATHS = NO;
				CLANG_ANALYZER_NONNULL = YES;
				CLANG_ANALYZER_NUMBER_OBJECT_CONVERSION = YES_AGGRESSIVE;
				CLANG_CXX_LANGUAGE_STANDARD = "gnu++14";
				CLANG_CXX_LIBRARY = "libc++";
				CLANG_ENABLE_MODULES = YES;
				CLANG_ENABLE_OBJC_ARC = YES;
				CLANG_ENABLE_OBJC_WEAK = YES;
				CLANG_WARN_BLOCK_CAPTURE_AUTORELEASING = YES;
				CLANG_WARN_BOOL_CONVERSION = YES;
				CLANG_WARN_COMMA = YES;
				CLANG_WARN_CONSTANT_CONVERSION = YES;
				CLANG_WARN_DEPRECATED_OBJC_IMPLEMENTATIONS = YES;
				CLANG_WARN_DIRECT_OBJC_ISA_USAGE = YES_ERROR;
				CLANG_WARN_DOCUMENTATION_COMMENTS = YES;
				CLANG_WARN_EMPTY_BODY = YES;
				CLANG_WARN_ENUM_CONVERSION = YES;
				CLANG_WARN_INFINITE_RECURSION = YES;
				CLANG_WARN_INT_CONVERSION = YES;
				CLANG_WARN_NON_LITERAL_NULL_CONVERSION = YES;
				CLANG_WARN_OBJC_IMPLICIT_RETAIN_SELF = YES;
				CLANG_WARN_OBJC_LITERAL_CONVERSION = YES;
				CLANG_WARN_OBJC_ROOT_CLASS = YES_ERROR;
				CLANG_WARN_QUOTED_INCLUDE_IN_FRAMEWORK_HEADER = YES;
				CLANG_WARN_RANGE_LOOP_ANALYSIS = YES;
				CLANG_WARN_STRICT_PROTOTYPES = YES;
				CLANG_WARN_SUSPICIOUS_MOVE = YES;
				CLANG_WARN_UNGUARDED_AVAILABILITY = YES_AGGRESSIVE;
				CLANG_WARN_UNREACHABLE_CODE = YES;
				CLANG_WARN__DUPLICATE_METHOD_MATCH = YES;
				COPY_PHASE_STRIP = NO;
				DEBUG_INFORMATION_FORMAT = dwarf;
				ENABLE_STRICT_OBJC_MSGSEND = YES;
				ENABLE_TESTABILITY = YES;
				GCC_C_LANGUAGE_STANDARD = gnu11;
				GCC_DYNAMIC_NO_PIC = NO;
				GCC_NO_COMMON_BLOCKS = YES;
				GCC_OPTIMIZATION_LEVEL = 0;
				GCC_PREPROCESSOR_DEFINITIONS = (
					"DEBUG=1",
					"$(inherited)",
				);
				GCC_WARN_64_TO_32_BIT_CONVERSION = YES;
				GCC_WARN_ABOUT_RETURN_TYPE = YES_ERROR;
				GCC_WARN_UNDECLARED_SELECTOR = YES;
				GCC_WARN_UNINITIALIZED_AUTOS = YES_AGGRESSIVE;
				GCC_WARN_UNUSED_FUNCTION = YES;
				GCC_WARN_UNUSED_VARIABLE = YES;
				IPHONEOS_DEPLOYMENT_TARGET = 14.5;
				MTL_ENABLE_DEBUG_INFO = INCLUDE_SOURCE;
				MTL_FAST_MATH = YES;
				ONLY_ACTIVE_ARCH = YES;
				SDKROOT = iphoneos;
				SWIFT_ACTIVE_COMPILATION_CONDITIONS = DEBUG;
				SWIFT_OPTIMIZATION_LEVEL = "-Onone";
			};
			name = Debug;
		};
		8022EEAC26452CC600306F0C /* Release */ = {
			isa = XCBuildConfiguration;
			buildSettings = {
				ALWAYS_SEARCH_USER_PATHS = NO;
				CLANG_ANALYZER_NONNULL = YES;
				CLANG_ANALYZER_NUMBER_OBJECT_CONVERSION = YES_AGGRESSIVE;
				CLANG_CXX_LANGUAGE_STANDARD = "gnu++14";
				CLANG_CXX_LIBRARY = "libc++";
				CLANG_ENABLE_MODULES = YES;
				CLANG_ENABLE_OBJC_ARC = YES;
				CLANG_ENABLE_OBJC_WEAK = YES;
				CLANG_WARN_BLOCK_CAPTURE_AUTORELEASING = YES;
				CLANG_WARN_BOOL_CONVERSION = YES;
				CLANG_WARN_COMMA = YES;
				CLANG_WARN_CONSTANT_CONVERSION = YES;
				CLANG_WARN_DEPRECATED_OBJC_IMPLEMENTATIONS = YES;
				CLANG_WARN_DIRECT_OBJC_ISA_USAGE = YES_ERROR;
				CLANG_WARN_DOCUMENTATION_COMMENTS = YES;
				CLANG_WARN_EMPTY_BODY = YES;
				CLANG_WARN_ENUM_CONVERSION = YES;
				CLANG_WARN_INFINITE_RECURSION = YES;
				CLANG_WARN_INT_CONVERSION = YES;
				CLANG_WARN_NON_LITERAL_NULL_CONVERSION = YES;
				CLANG_WARN_OBJC_IMPLICIT_RETAIN_SELF = YES;
				CLANG_WARN_OBJC_LITERAL_CONVERSION = YES;
				CLANG_WARN_OBJC_ROOT_CLASS = YES_ERROR;
				CLANG_WARN_QUOTED_INCLUDE_IN_FRAMEWORK_HEADER = YES;
				CLANG_WARN_RANGE_LOOP_ANALYSIS = YES;
				CLANG_WARN_STRICT_PROTOTYPES = YES;
				CLANG_WARN_SUSPICIOUS_MOVE = YES;
				CLANG_WARN_UNGUARDED_AVAILABILITY = YES_AGGRESSIVE;
				CLANG_WARN_UNREACHABLE_CODE = YES;
				CLANG_WARN__DUPLICATE_METHOD_MATCH = YES;
				COPY_PHASE_STRIP = NO;
				DEBUG_INFORMATION_FORMAT = "dwarf-with-dsym";
				ENABLE_NS_ASSERTIONS = NO;
				ENABLE_STRICT_OBJC_MSGSEND = YES;
				GCC_C_LANGUAGE_STANDARD = gnu11;
				GCC_NO_COMMON_BLOCKS = YES;
				GCC_WARN_64_TO_32_BIT_CONVERSION = YES;
				GCC_WARN_ABOUT_RETURN_TYPE = YES_ERROR;
				GCC_WARN_UNDECLARED_SELECTOR = YES;
				GCC_WARN_UNINITIALIZED_AUTOS = YES_AGGRESSIVE;
				GCC_WARN_UNUSED_FUNCTION = YES;
				GCC_WARN_UNUSED_VARIABLE = YES;
				IPHONEOS_DEPLOYMENT_TARGET = 14.5;
				MTL_ENABLE_DEBUG_INFO = NO;
				MTL_FAST_MATH = YES;
				SDKROOT = iphoneos;
				SWIFT_COMPILATION_MODE = wholemodule;
				SWIFT_OPTIMIZATION_LEVEL = "-O";
				VALIDATE_PRODUCT = YES;
			};
			name = Release;
		};
		8022EEAE26452CC600306F0C /* Debug */ = {
			isa = XCBuildConfiguration;
			buildSettings = {
				ASSETCATALOG_COMPILER_APPICON_NAME = AppIcon;
				ASSETCATALOG_COMPILER_GLOBAL_ACCENT_COLOR_NAME = AccentColor;
				CODE_SIGN_STYLE = Automatic;
				DEVELOPMENT_ASSET_PATHS = "\"Landmarks/Preview Content\"";
				DEVELOPMENT_TEAM = 62J2PQGDF5;
				ENABLE_PREVIEWS = YES;
				INFOPLIST_FILE = Landmarks/Info.plist;
				IPHONEOS_DEPLOYMENT_TARGET = 14.0;
				LD_RUNPATH_SEARCH_PATHS = (
					"$(inherited)",
					"@executable_path/Frameworks",
				);
				PRODUCT_BUNDLE_IDENTIFIER = "kuari-justmylife.cc-kuari.Landmarks";
				PRODUCT_NAME = "$(TARGET_NAME)";
				SWIFT_VERSION = 5.0;
				TARGETED_DEVICE_FAMILY = "1,2";
			};
			name = Debug;
		};
		8022EEAF26452CC600306F0C /* Release */ = {
			isa = XCBuildConfiguration;
			buildSettings = {
				ASSETCATALOG_COMPILER_APPICON_NAME = AppIcon;
				ASSETCATALOG_COMPILER_GLOBAL_ACCENT_COLOR_NAME = AccentColor;
				CODE_SIGN_STYLE = Automatic;
				DEVELOPMENT_ASSET_PATHS = "\"Landmarks/Preview Content\"";
				DEVELOPMENT_TEAM = 62J2PQGDF5;
				ENABLE_PREVIEWS = YES;
				INFOPLIST_FILE = Landmarks/Info.plist;
				IPHONEOS_DEPLOYMENT_TARGET = 14.0;
				LD_RUNPATH_SEARCH_PATHS = (
					"$(inherited)",
					"@executable_path/Frameworks",
				);
				PRODUCT_BUNDLE_IDENTIFIER = "kuari-justmylife.cc-kuari.Landmarks";
				PRODUCT_NAME = "$(TARGET_NAME)";
				SWIFT_VERSION = 5.0;
				TARGETED_DEVICE_FAMILY = "1,2";
			};
			name = Release;
		};
		80829FDD264BF99A00D8A16C /* Debug */ = {
			isa = XCBuildConfiguration;
			buildSettings = {
				ALWAYS_EMBED_SWIFT_STANDARD_LIBRARIES = YES;
				ASSETCATALOG_COMPILER_APPICON_NAME = AppIcon;
				ASSETCATALOG_COMPILER_GLOBAL_ACCENT_COLOR_NAME = AccentColor;
				CODE_SIGN_STYLE = Automatic;
				DEVELOPMENT_TEAM = 62J2PQGDF5;
				IBSC_MODULE = WatchLandmarks_Extension;
				INFOPLIST_FILE = WatchLandmarks/Info.plist;
				PRODUCT_BUNDLE_IDENTIFIER = "kuari-justmylife.cc-kuari.Landmarks.watchkitapp";
				PRODUCT_NAME = "$(TARGET_NAME)";
				SDKROOT = watchos;
				SKIP_INSTALL = YES;
				SWIFT_VERSION = 5.0;
				TARGETED_DEVICE_FAMILY = 4;
				WATCHOS_DEPLOYMENT_TARGET = 7.4;
			};
			name = Debug;
		};
		80829FDE264BF99A00D8A16C /* Release */ = {
			isa = XCBuildConfiguration;
			buildSettings = {
				ALWAYS_EMBED_SWIFT_STANDARD_LIBRARIES = YES;
				ASSETCATALOG_COMPILER_APPICON_NAME = AppIcon;
				ASSETCATALOG_COMPILER_GLOBAL_ACCENT_COLOR_NAME = AccentColor;
				CODE_SIGN_STYLE = Automatic;
				DEVELOPMENT_TEAM = 62J2PQGDF5;
				IBSC_MODULE = WatchLandmarks_Extension;
				INFOPLIST_FILE = WatchLandmarks/Info.plist;
				PRODUCT_BUNDLE_IDENTIFIER = "kuari-justmylife.cc-kuari.Landmarks.watchkitapp";
				PRODUCT_NAME = "$(TARGET_NAME)";
				SDKROOT = watchos;
				SKIP_INSTALL = YES;
				SWIFT_VERSION = 5.0;
				TARGETED_DEVICE_FAMILY = 4;
				WATCHOS_DEPLOYMENT_TARGET = 7.4;
			};
			name = Release;
		};
		80829FE0264BF99A00D8A16C /* Debug */ = {
			isa = XCBuildConfiguration;
			buildSettings = {
				ASSETCATALOG_COMPILER_COMPLICATION_NAME = Complication;
				CODE_SIGN_STYLE = Automatic;
				DEVELOPMENT_ASSET_PATHS = "\"WatchLandmarks Extension/Preview Content\"";
				DEVELOPMENT_TEAM = 62J2PQGDF5;
				ENABLE_PREVIEWS = YES;
				INFOPLIST_FILE = "WatchLandmarks Extension/Info.plist";
				LD_RUNPATH_SEARCH_PATHS = (
					"$(inherited)",
					"@executable_path/Frameworks",
					"@executable_path/../../Frameworks",
				);
				PRODUCT_BUNDLE_IDENTIFIER = "kuari-justmylife.cc-kuari.Landmarks.watchkitapp.watchkitextension";
				PRODUCT_NAME = "${TARGET_NAME}";
				SDKROOT = watchos;
				SKIP_INSTALL = YES;
				SWIFT_VERSION = 5.0;
				TARGETED_DEVICE_FAMILY = 4;
				WATCHOS_DEPLOYMENT_TARGET = 7.4;
			};
			name = Debug;
		};
		80829FE1264BF99A00D8A16C /* Release */ = {
			isa = XCBuildConfiguration;
			buildSettings = {
				ASSETCATALOG_COMPILER_COMPLICATION_NAME = Complication;
				CODE_SIGN_STYLE = Automatic;
				DEVELOPMENT_ASSET_PATHS = "\"WatchLandmarks Extension/Preview Content\"";
				DEVELOPMENT_TEAM = 62J2PQGDF5;
				ENABLE_PREVIEWS = YES;
				INFOPLIST_FILE = "WatchLandmarks Extension/Info.plist";
				LD_RUNPATH_SEARCH_PATHS = (
					"$(inherited)",
					"@executable_path/Frameworks",
					"@executable_path/../../Frameworks",
				);
				PRODUCT_BUNDLE_IDENTIFIER = "kuari-justmylife.cc-kuari.Landmarks.watchkitapp.watchkitextension";
				PRODUCT_NAME = "${TARGET_NAME}";
				SDKROOT = watchos;
				SKIP_INSTALL = YES;
				SWIFT_VERSION = 5.0;
				TARGETED_DEVICE_FAMILY = 4;
				WATCHOS_DEPLOYMENT_TARGET = 7.4;
			};
			name = Release;
		};
/* End XCBuildConfiguration section */

/* Begin XCConfigurationList section */
		8022EE9926452CC500306F0C /* Build configuration list for PBXProject "Landmarks" */ = {
			isa = XCConfigurationList;
			buildConfigurations = (
				8022EEAB26452CC600306F0C /* Debug */,
				8022EEAC26452CC600306F0C /* Release */,
			);
			defaultConfigurationIsVisible = 0;
			defaultConfigurationName = Release;
		};
		8022EEAD26452CC600306F0C /* Build configuration list for PBXNativeTarget "Landmarks" */ = {
			isa = XCConfigurationList;
			buildConfigurations = (
				8022EEAE26452CC600306F0C /* Debug */,
				8022EEAF26452CC600306F0C /* Release */,
			);
			defaultConfigurationIsVisible = 0;
			defaultConfigurationName = Release;
		};
		80829FE2264BF99A00D8A16C /* Build configuration list for PBXNativeTarget "WatchLandmarks Extension" */ = {
			isa = XCConfigurationList;
			buildConfigurations = (
				80829FE0264BF99A00D8A16C /* Debug */,
				80829FE1264BF99A00D8A16C /* Release */,
			);
			defaultConfigurationIsVisible = 0;
			defaultConfigurationName = Release;
		};
		80829FE3264BF99A00D8A16C /* Build configuration list for PBXNativeTarget "WatchLandmarks" */ = {
			isa = XCConfigurationList;
			buildConfigurations = (
				80829FDD264BF99A00D8A16C /* Debug */,
				80829FDE264BF99A00D8A16C /* Release */,
			);
			defaultConfigurationIsVisible = 0;
			defaultConfigurationName = Release;
		};
/* End XCConfigurationList section */
	};
	rootObject = 8022EE9626452CC500306F0C /* Project object */;
}
