// !$*UTF8*$!
{
	archiveVersion = 1;
	classes = {
	};
	objectVersion = 50;
	objects = {

/* Begin PBXBuildFile section */
		8022EEA226452CC500306F0C /* LandmarksApp.swift in Sources */ = {isa = PBXBuildFile; fileRef = 8022EEA126452CC500306F0C /* LandmarksApp.swift */; };
		8022EEA426452CC500306F0C /* ContentView.swift in Sources */ = {isa = PBXBuildFile; fileRef = 8022EEA326452CC500306F0C /* ContentView.swift */; };
		8022EEA626452CC600306F0C /* Assets.xcassets in Resources */ = {isa = PBXBuildFile; fileRef = 8022EEA526452CC600306F0C /* Assets.xcassets */; };
		8022EEA926452CC600306F0C /* Preview Assets.xcassets in Resources */ = {isa = PBXBuildFile; fileRef = 8022EEA826452CC600306F0C /* Preview Assets.xcassets */; };
		8022EEB126452EAC00306F0C /* CircleImage.swift in Sources */ = {isa = PBXBuildFile; fileRef = 8022EEB026452EAC00306F0C /* CircleImage.swift */; };
		8022EEB326452F5C00306F0C /* MapView.swift in Sources */ = {isa = PBXBuildFile; fileRef = 8022EEB226452F5C00306F0C /* MapView.swift */; };
		8022EEB5264531C200306F0C /* landmarkData.json in Resources */ = {isa = PBXBuildFile; fileRef = 8022EEB4264531C200306F0C /* landmarkData.json */; };
		8022EEB8264531F600306F0C /* Landmark.swift in Sources */ = {isa = PBXBuildFile; fileRef = 8022EEB7264531F600306F0C /* Landmark.swift */; };
		8022EEBA2645336B00306F0C /* ModelData.swift in Sources */ = {isa = PBXBuildFile; fileRef = 8022EEB92645336B00306F0C /* ModelData.swift */; };
		8022EEC12645356400306F0C /* LandmarkRow.swift in Sources */ = {isa = PBXBuildFile; fileRef = 8022EEC02645356400306F0C /* LandmarkRow.swift */; };
		8022EEC32645369100306F0C /* LandmarkList.swift in Sources */ = {isa = PBXBuildFile; fileRef = 8022EEC22645369100306F0C /* LandmarkList.swift */; };
		8022EEC52645373500306F0C /* LandmarkDetail.swift in Sources */ = {isa = PBXBuildFile; fileRef = 8022EEC42645373500306F0C /* LandmarkDetail.swift */; };
		806201F3264A3C1C0048A136 /* FavoriteButton.swift in Sources */ = {isa = PBXBuildFile; fileRef = 806201F2264A3C1C0048A136 /* FavoriteButton.swift */; };
		806201F7264A3EE70048A136 /* HexagonParameters.swift in Sources */ = {isa = PBXBuildFile; fileRef = 806201F6264A3EE70048A136 /* HexagonParameters.swift */; };
		806201F9264A3F490048A136 /* BadgeBackground.swift in Sources */ = {isa = PBXBuildFile; fileRef = 806201F8264A3F490048A136 /* BadgeBackground.swift */; };
		806201FB264A40000048A136 /* BadgeSymbol.swift in Sources */ = {isa = PBXBuildFile; fileRef = 806201FA264A40000048A136 /* BadgeSymbol.swift */; };
		806201FD264A40380048A136 /* RotatedBadgeSymbol.swift in Sources */ = {isa = PBXBuildFile; fileRef = 806201FC264A40380048A136 /* RotatedBadgeSymbol.swift */; };
		806201FF264A40630048A136 /* Badge.swift in Sources */ = {isa = PBXBuildFile; fileRef = 806201FE264A40630048A136 /* Badge.swift */; };
/* End PBXBuildFile section */

/* Begin PBXFileReference section */
		8022EE9E26452CC500306F0C /* Landmarks.app */ = {isa = PBXFileReference; explicitFileType = wrapper.application; includeInIndex = 0; path = Landmarks.app; sourceTree = BUILT_PRODUCTS_DIR; };
		8022EEA126452CC500306F0C /* LandmarksApp.swift */ = {isa = PBXFileReference; lastKnownFileType = sourcecode.swift; path = LandmarksApp.swift; sourceTree = "<group>"; };
		8022EEA326452CC500306F0C /* ContentView.swift */ = {isa = PBXFileReference; lastKnownFileType = sourcecode.swift; path = ContentView.swift; sourceTree = "<group>"; };
		8022EEA526452CC600306F0C /* Assets.xcassets */ = {isa = PBXFileReference; lastKnownFileType = folder.assetcatalog; path = Assets.xcassets; sourceTree = "<group>"; };
		8022EEA826452CC600306F0C /* Preview Assets.xcassets */ = {isa = PBXFileReference; lastKnownFileType = folder.assetcatalog; path = "Preview Assets.xcassets"; sourceTree = "<group>"; };
		8022EEAA26452CC600306F0C /* Info.plist */ = {isa = PBXFileReference; lastKnownFileType = text.plist.xml; path = Info.plist; sourceTree = "<group>"; };
		8022EEB026452EAC00306F0C /* CircleImage.swift */ = {isa = PBXFileReference; lastKnownFileType = sourcecode.swift; path = CircleImage.swift; sourceTree = "<group>"; };
		8022EEB226452F5C00306F0C /* MapView.swift */ = {isa = PBXFileReference; lastKnownFileType = sourcecode.swift; path = MapView.swift; sourceTree = "<group>"; };
		8022EEB4264531C200306F0C /* landmarkData.json */ = {isa = PBXFileReference; fileEncoding = 4; lastKnownFileType = text.json; path = landmarkData.json; sourceTree = "<group>"; };
		8022EEB7264531F600306F0C /* Landmark.swift */ = {isa = PBXFileReference; lastKnownFileType = sourcecode.swift; path = Landmark.swift; sourceTree = "<group>"; };
		8022EEB92645336B00306F0C /* ModelData.swift */ = {isa = PBXFileReference; lastKnownFileType = sourcecode.swift; path = ModelData.swift; sourceTree = "<group>"; };
		8022EEC02645356400306F0C /* LandmarkRow.swift */ = {isa = PBXFileReference; lastKnownFileType = sourcecode.swift; path = LandmarkRow.swift; sourceTree = "<group>"; };
		8022EEC22645369100306F0C /* LandmarkList.swift */ = {isa = PBXFileReference; lastKnownFileType = sourcecode.swift; path = LandmarkList.swift; sourceTree = "<group>"; };
		8022EEC42645373500306F0C /* LandmarkDetail.swift */ = {isa = PBXFileReference; lastKnownFileType = sourcecode.swift; path = LandmarkDetail.swift; sourceTree = "<group>"; };
		806201F2264A3C1C0048A136 /* FavoriteButton.swift */ = {isa = PBXFileReference; lastKnownFileType = sourcecode.swift; path = FavoriteButton.swift; sourceTree = "<group>"; };
		806201F6264A3EE70048A136 /* HexagonParameters.swift */ = {isa = PBXFileReference; lastKnownFileType = sourcecode.swift; path = HexagonParameters.swift; sourceTree = "<group>"; };
		806201F8264A3F490048A136 /* BadgeBackground.swift */ = {isa = PBXFileReference; lastKnownFileType = sourcecode.swift; path = BadgeBackground.swift; sourceTree = "<group>"; };
		806201FA264A40000048A136 /* BadgeSymbol.swift */ = {isa = PBXFileReference; lastKnownFileType = sourcecode.swift; path = BadgeSymbol.swift; sourceTree = "<group>"; };
		806201FC264A40380048A136 /* RotatedBadgeSymbol.swift */ = {isa = PBXFileReference; lastKnownFileType = sourcecode.swift; path = RotatedBadgeSymbol.swift; sourceTree = "<group>"; };
		806201FE264A40630048A136 /* Badge.swift */ = {isa = PBXFileReference; lastKnownFileType = sourcecode.swift; path = Badge.swift; sourceTree = "<group>"; };
/* End PBXFileReference section */

/* Begin PBXFrameworksBuildPhase section */
		8022EE9B26452CC500306F0C /* Frameworks */ = {
			isa = PBXFrameworksBuildPhase;
			buildActionMask = 2147483647;
			files = (
			);
			runOnlyForDeploymentPostprocessing = 0;
		};
/* End PBXFrameworksBuildPhase section */

/* Begin PBXGroup section */
		8022EE9526452CC500306F0C = {
			isa = PBXGroup;
			children = (
				8022EEA026452CC500306F0C /* Landmarks */,
				8022EE9F26452CC500306F0C /* Products */,
			);
			sourceTree = "<group>";
		};
		8022EE9F26452CC500306F0C /* Products */ = {
			isa = PBXGroup;
			children = (
				8022EE9E26452CC500306F0C /* Landmarks.app */,
			);
			name = Products;
			sourceTree = "<group>";
		};
		8022EEA026452CC500306F0C /* Landmarks */ = {
			isa = PBXGroup;
			children = (
				8022EEA126452CC500306F0C /* LandmarksApp.swift */,
				8022EEBB2645350800306F0C /* Views */,
				8022EEBD2645351600306F0C /* Model */,
				8022EEBF2645352500306F0C /* Resources */,
				8022EEA526452CC600306F0C /* Assets.xcassets */,
				8022EEAA26452CC600306F0C /* Info.plist */,
				8022EEA726452CC600306F0C /* Preview Content */,
			);
			path = Landmarks;
			sourceTree = "<group>";
		};
		8022EEA726452CC600306F0C /* Preview Content */ = {
			isa = PBXGroup;
			children = (
				8022EEA826452CC600306F0C /* Preview Assets.xcassets */,
			);
			path = "Preview Content";
			sourceTree = "<group>";
		};
		8022EEBB2645350800306F0C /* Views */ = {
			isa = PBXGroup;
			children = (
				8022EEA326452CC500306F0C /* ContentView.swift */,
				806201F4264A3CAF0048A136 /* Landmarks */,
				806201F5264A3CB80048A136 /* Helpers */,
				80620200264A407B0048A136 /* Badges */,
			);
			path = Views;
			sourceTree = "<group>";
		};
		8022EEBD2645351600306F0C /* Model */ = {
			isa = PBXGroup;
			children = (
				8022EEB7264531F600306F0C /* Landmark.swift */,
				8022EEB92645336B00306F0C /* ModelData.swift */,
			);
			path = Model;
			sourceTree = "<group>";
		};
		8022EEBF2645352500306F0C /* Resources */ = {
			isa = PBXGroup;
			children = (
				8022EEB4264531C200306F0C /* landmarkData.json */,
			);
			path = Resources;
			sourceTree = "<group>";
		};
		806201F4264A3CAF0048A136 /* Landmarks */ = {
			isa = PBXGroup;
			children = (
				8022EEC22645369100306F0C /* LandmarkList.swift */,
				8022EEC02645356400306F0C /* LandmarkRow.swift */,
				8022EEC42645373500306F0C /* LandmarkDetail.swift */,
			);
			path = Landmarks;
			sourceTree = "<group>";
		};
		806201F5264A3CB80048A136 /* Helpers */ = {
			isa = PBXGroup;
			children = (
				8022EEB026452EAC00306F0C /* CircleImage.swift */,
				8022EEB226452F5C00306F0C /* MapView.swift */,
				806201F2264A3C1C0048A136 /* FavoriteButton.swift */,
			);
			path = Helpers;
			sourceTree = "<group>";
		};
		80620200264A407B0048A136 /* Badges */ = {
			isa = PBXGroup;
			children = (
				806201FE264A40630048A136 /* Badge.swift */,
				806201F8264A3F490048A136 /* BadgeBackground.swift */,
				806201FA264A40000048A136 /* BadgeSymbol.swift */,
				806201FC264A40380048A136 /* RotatedBadgeSymbol.swift */,
				806201F6264A3EE70048A136 /* HexagonParameters.swift */,
			);
			path = Badges;
			sourceTree = "<group>";
		};
/* End PBXGroup section */

/* Begin PBXNativeTarget section */
		8022EE9D26452CC500306F0C /* Landmarks */ = {
			isa = PBXNativeTarget;
			buildConfigurationList = 8022EEAD26452CC600306F0C /* Build configuration list for PBXNativeTarget "Landmarks" */;
			buildPhases = (
				8022EE9A26452CC500306F0C /* Sources */,
				8022EE9B26452CC500306F0C /* Frameworks */,
				8022EE9C26452CC500306F0C /* Resources */,
			);
			buildRules = (
			);
			dependencies = (
			);
			name = Landmarks;
			productName = Landmarks;
			productReference = 8022EE9E26452CC500306F0C /* Landmarks.app */;
			productType = "com.apple.product-type.application";
		};
/* End PBXNativeTarget section */

/* Begin PBXProject section */
		8022EE9626452CC500306F0C /* Project object */ = {
			isa = PBXProject;
			attributes = {
				LastSwiftUpdateCheck = 1250;
				LastUpgradeCheck = 1250;
				TargetAttributes = {
					8022EE9D26452CC500306F0C = {
						CreatedOnToolsVersion = 12.5;
					};
				};
			};
			buildConfigurationList = 8022EE9926452CC500306F0C /* Build configuration list for PBXProject "Landmarks" */;
			compatibilityVersion = "Xcode 9.3";
			developmentRegion = en;
			hasScannedForEncodings = 0;
			knownRegions = (
				en,
				Base,
			);
			mainGroup = 8022EE9526452CC500306F0C;
			productRefGroup = 8022EE9F26452CC500306F0C /* Products */;
			projectDirPath = "";
			projectRoot = "";
			targets = (
				8022EE9D26452CC500306F0C /* Landmarks */,
			);
		};
/* End PBXProject section */

/* Begin PBXResourcesBuildPhase section */
		8022EE9C26452CC500306F0C /* Resources */ = {
			isa = PBXResourcesBuildPhase;
			buildActionMask = 2147483647;
			files = (
				8022EEA926452CC600306F0C /* Preview Assets.xcassets in Resources */,
				8022EEA626452CC600306F0C /* Assets.xcassets in Resources */,
				8022EEB5264531C200306F0C /* landmarkData.json in Resources */,
			);
			runOnlyForDeploymentPostprocessing = 0;
		};
/* End PBXResourcesBuildPhase section */

/* Begin PBXSourcesBuildPhase section */
		8022EE9A26452CC500306F0C /* Sources */ = {
			isa = PBXSourcesBuildPhase;
			buildActionMask = 2147483647;
			files = (
				8022EEA426452CC500306F0C /* ContentView.swift in Sources */,
				806201FF264A40630048A136 /* Badge.swift in Sources */,
				8022EEB326452F5C00306F0C /* MapView.swift in Sources */,
				8022EEA226452CC500306F0C /* LandmarksApp.swift in Sources */,
				806201F3264A3C1C0048A136 /* FavoriteButton.swift in Sources */,
				806201F7264A3EE70048A136 /* HexagonParameters.swift in Sources */,
				806201FD264A40380048A136 /* RotatedBadgeSymbol.swift in Sources */,
				806201FB264A40000048A136 /* BadgeSymbol.swift in Sources */,
				8022EEC32645369100306F0C /* LandmarkList.swift in Sources */,
				8022EEC52645373500306F0C /* LandmarkDetail.swift in Sources */,
				806201F9264A3F490048A136 /* BadgeBackground.swift in Sources */,
				8022EEB126452EAC00306F0C /* CircleImage.swift in Sources */,
				8022EEB8264531F600306F0C /* Landmark.swift in Sources */,
				8022EEC12645356400306F0C /* LandmarkRow.swift in Sources */,
				8022EEBA2645336B00306F0C /* ModelData.swift in Sources */,
			);
			runOnlyForDeploymentPostprocessing = 0;
		};
/* End PBXSourcesBuildPhase section */

/* Begin XCBuildConfiguration section */
		8022EEAB26452CC600306F0C /* Debug */ = {
			isa = XCBuildConfiguration;
			buildSettings = {
				ALWAYS_SEARCH_USER_PATHS = NO;
				CLANG_ANALYZER_NONNULL = YES;
				CLANG_ANALYZER_NUMBER_OBJECT_CONVERSION = YES_AGGRESSIVE;
				CLANG_CXX_LANGUAGE_STANDARD = "gnu++14";
				CLANG_CXX_LIBRARY = "libc++";
				CLANG_ENABLE_MODULES = YES;
				CLANG_ENABLE_OBJC_ARC = YES;
				CLANG_ENABLE_OBJC_WEAK = YES;
				CLANG_WARN_BLOCK_CAPTURE_AUTORELEASING = YES;
				CLANG_WARN_BOOL_CONVERSION = YES;
				CLANG_WARN_COMMA = YES;
				CLANG_WARN_CONSTANT_CONVERSION = YES;
				CLANG_WARN_DEPRECATED_OBJC_IMPLEMENTATIONS = YES;
				CLANG_WARN_DIRECT_OBJC_ISA_USAGE = YES_ERROR;
				CLANG_WARN_DOCUMENTATION_COMMENTS = YES;
				CLANG_WARN_EMPTY_BODY = YES;
				CLANG_WARN_ENUM_CONVERSION = YES;
				CLANG_WARN_INFINITE_RECURSION = YES;
				CLANG_WARN_INT_CONVERSION = YES;
				CLANG_WARN_NON_LITERAL_NULL_CONVERSION = YES;
				CLANG_WARN_OBJC_IMPLICIT_RETAIN_SELF = YES;
				CLANG_WARN_OBJC_LITERAL_CONVERSION = YES;
				CLANG_WARN_OBJC_ROOT_CLASS = YES_ERROR;
				CLANG_WARN_QUOTED_INCLUDE_IN_FRAMEWORK_HEADER = YES;
				CLANG_WARN_RANGE_LOOP_ANALYSIS = YES;
				CLANG_WARN_STRICT_PROTOTYPES = YES;
				CLANG_WARN_SUSPICIOUS_MOVE = YES;
				CLANG_WARN_UNGUARDED_AVAILABILITY = YES_AGGRESSIVE;
				CLANG_WARN_UNREACHABLE_CODE = YES;
				CLANG_WARN__DUPLICATE_METHOD_MATCH = YES;
				COPY_PHASE_STRIP = NO;
				DEBUG_INFORMATION_FORMAT = dwarf;
				ENABLE_STRICT_OBJC_MSGSEND = YES;
				ENABLE_TESTABILITY = YES;
				GCC_C_LANGUAGE_STANDARD = gnu11;
				GCC_DYNAMIC_NO_PIC = NO;
				GCC_NO_COMMON_BLOCKS = YES;
				GCC_OPTIMIZATION_LEVEL = 0;
				GCC_PREPROCESSOR_DEFINITIONS = (
					"DEBUG=1",
					"$(inherited)",
				);
				GCC_WARN_64_TO_32_BIT_CONVERSION = YES;
				GCC_WARN_ABOUT_RETURN_TYPE = YES_ERROR;
				GCC_WARN_UNDECLARED_SELECTOR = YES;
				GCC_WARN_UNINITIALIZED_AUTOS = YES_AGGRESSIVE;
				GCC_WARN_UNUSED_FUNCTION = YES;
				GCC_WARN_UNUSED_VARIABLE = YES;
				IPHONEOS_DEPLOYMENT_TARGET = 14.5;
				MTL_ENABLE_DEBUG_INFO = INCLUDE_SOURCE;
				MTL_FAST_MATH = YES;
				ONLY_ACTIVE_ARCH = YES;
				SDKROOT = iphoneos;
				SWIFT_ACTIVE_COMPILATION_CONDITIONS = DEBUG;
				SWIFT_OPTIMIZATION_LEVEL = "-Onone";
			};
			name = Debug;
		};
		8022EEAC26452CC600306F0C /* Release */ = {
			isa = XCBuildConfiguration;
			buildSettings = {
				ALWAYS_SEARCH_USER_PATHS = NO;
				CLANG_ANALYZER_NONNULL = YES;
				CLANG_ANALYZER_NUMBER_OBJECT_CONVERSION = YES_AGGRESSIVE;
				CLANG_CXX_LANGUAGE_STANDARD = "gnu++14";
				CLANG_CXX_LIBRARY = "libc++";
				CLANG_ENABLE_MODULES = YES;
				CLANG_ENABLE_OBJC_ARC = YES;
				CLANG_ENABLE_OBJC_WEAK = YES;
				CLANG_WARN_BLOCK_CAPTURE_AUTORELEASING = YES;
				CLANG_WARN_BOOL_CONVERSION = YES;
				CLANG_WARN_COMMA = YES;
				CLANG_WARN_CONSTANT_CONVERSION = YES;
				CLANG_WARN_DEPRECATED_OBJC_IMPLEMENTATIONS = YES;
				CLANG_WARN_DIRECT_OBJC_ISA_USAGE = YES_ERROR;
				CLANG_WARN_DOCUMENTATION_COMMENTS = YES;
				CLANG_WARN_EMPTY_BODY = YES;
				CLANG_WARN_ENUM_CONVERSION = YES;
				CLANG_WARN_INFINITE_RECURSION = YES;
				CLANG_WARN_INT_CONVERSION = YES;
				CLANG_WARN_NON_LITERAL_NULL_CONVERSION = YES;
				CLANG_WARN_OBJC_IMPLICIT_RETAIN_SELF = YES;
				CLANG_WARN_OBJC_LITERAL_CONVERSION = YES;
				CLANG_WARN_OBJC_ROOT_CLASS = YES_ERROR;
				CLANG_WARN_QUOTED_INCLUDE_IN_FRAMEWORK_HEADER = YES;
				CLANG_WARN_RANGE_LOOP_ANALYSIS = YES;
				CLANG_WARN_STRICT_PROTOTYPES = YES;
				CLANG_WARN_SUSPICIOUS_MOVE = YES;
				CLANG_WARN_UNGUARDED_AVAILABILITY = YES_AGGRESSIVE;
				CLANG_WARN_UNREACHABLE_CODE = YES;
				CLANG_WARN__DUPLICATE_METHOD_MATCH = YES;
				COPY_PHASE_STRIP = NO;
				DEBUG_INFORMATION_FORMAT = "dwarf-with-dsym";
				ENABLE_NS_ASSERTIONS = NO;
				ENABLE_STRICT_OBJC_MSGSEND = YES;
				GCC_C_LANGUAGE_STANDARD = gnu11;
				GCC_NO_COMMON_BLOCKS = YES;
				GCC_WARN_64_TO_32_BIT_CONVERSION = YES;
				GCC_WARN_ABOUT_RETURN_TYPE = YES_ERROR;
				GCC_WARN_UNDECLARED_SELECTOR = YES;
				GCC_WARN_UNINITIALIZED_AUTOS = YES_AGGRESSIVE;
				GCC_WARN_UNUSED_FUNCTION = YES;
				GCC_WARN_UNUSED_VARIABLE = YES;
				IPHONEOS_DEPLOYMENT_TARGET = 14.5;
				MTL_ENABLE_DEBUG_INFO = NO;
				MTL_FAST_MATH = YES;
				SDKROOT = iphoneos;
				SWIFT_COMPILATION_MODE = wholemodule;
				SWIFT_OPTIMIZATION_LEVEL = "-O";
				VALIDATE_PRODUCT = YES;
			};
			name = Release;
		};
		8022EEAE26452CC600306F0C /* Debug */ = {
			isa = XCBuildConfiguration;
			buildSettings = {
				ASSETCATALOG_COMPILER_APPICON_NAME = AppIcon;
				ASSETCATALOG_COMPILER_GLOBAL_ACCENT_COLOR_NAME = AccentColor;
				CODE_SIGN_STYLE = Automatic;
				DEVELOPMENT_ASSET_PATHS = "\"Landmarks/Preview Content\"";
				DEVELOPMENT_TEAM = 62J2PQGDF5;
				ENABLE_PREVIEWS = YES;
				INFOPLIST_FILE = Landmarks/Info.plist;
				IPHONEOS_DEPLOYMENT_TARGET = 14.0;
				LD_RUNPATH_SEARCH_PATHS = (
					"$(inherited)",
					"@executable_path/Frameworks",
				);
				PRODUCT_BUNDLE_IDENTIFIER = "kuari-justmylife.cc-kuari.Landmarks";
				PRODUCT_NAME = "$(TARGET_NAME)";
				SWIFT_VERSION = 5.0;
				TARGETED_DEVICE_FAMILY = "1,2";
			};
			name = Debug;
		};
		8022EEAF26452CC600306F0C /* Release */ = {
			isa = XCBuildConfiguration;
			buildSettings = {
				ASSETCATALOG_COMPILER_APPICON_NAME = AppIcon;
				ASSETCATALOG_COMPILER_GLOBAL_ACCENT_COLOR_NAME = AccentColor;
				CODE_SIGN_STYLE = Automatic;
				DEVELOPMENT_ASSET_PATHS = "\"Landmarks/Preview Content\"";
				DEVELOPMENT_TEAM = 62J2PQGDF5;
				ENABLE_PREVIEWS = YES;
				INFOPLIST_FILE = Landmarks/Info.plist;
				IPHONEOS_DEPLOYMENT_TARGET = 14.0;
				LD_RUNPATH_SEARCH_PATHS = (
					"$(inherited)",
					"@executable_path/Frameworks",
				);
				PRODUCT_BUNDLE_IDENTIFIER = "kuari-justmylife.cc-kuari.Landmarks";
				PRODUCT_NAME = "$(TARGET_NAME)";
				SWIFT_VERSION = 5.0;
				TARGETED_DEVICE_FAMILY = "1,2";
			};
			name = Release;
		};
/* End XCBuildConfiguration section */

/* Begin XCConfigurationList section */
		8022EE9926452CC500306F0C /* Build configuration list for PBXProject "Landmarks" */ = {
			isa = XCConfigurationList;
			buildConfigurations = (
				8022EEAB26452CC600306F0C /* Debug */,
				8022EEAC26452CC600306F0C /* Release */,
			);
			defaultConfigurationIsVisible = 0;
			defaultConfigurationName = Release;
		};
		8022EEAD26452CC600306F0C /* Build configuration list for PBXNativeTarget "Landmarks" */ = {
			isa = XCConfigurationList;
			buildConfigurations = (
				8022EEAE26452CC600306F0C /* Debug */,
				8022EEAF26452CC600306F0C /* Release */,
			);
			defaultConfigurationIsVisible = 0;
			defaultConfigurationName = Release;
		};
/* End XCConfigurationList section */
	};
	rootObject = 8022EE9626452CC500306F0C /* Project object */;
}
